
Microsoft Visual Studio Solution File, Format Version 12.00
# Visual Studio Version 16
VisualStudioVersion = 16.0.31613.86
MinimumVisualStudioVersion = 10.0.40219.1
Project("{9A19103F-16F7-4668-BE54-9A1E7A4F7556}") = "TenderSystem.WebAPI", "TenderSystem\TenderSystem.WebAPI.csproj", "{C13D2F05-ED4F-4FE9-8125-3CA3FE9E35EC}"
EndProject
Project("{9A19103F-16F7-4668-BE54-9A1E7A4F7556}") = "TenderSystem.Entities", "TenderSystem.Entities\TenderSystem.Entities.csproj", "{F931D7B6-025A-4DE8-B4EF-7CD5011DFC99}"
EndProject
Project("{9A19103F-16F7-4668-BE54-9A1E7A4F7556}") = "TenderSystem.Business", "TenderSystem.Business\TenderSystem.Business.csproj", "{F81CAE20-753F-41ED-A64C-1852F867B006}"
EndProject
Project("{9A19103F-16F7-4668-BE54-9A1E7A4F7556}") = "TenderSystem.DataAccess", "TenderSystem.DataAccess\TenderSystem.DataAccess.csproj", "{C3FFAB07-21AD-4C80-B3BD-660F24163170}"
EndProject
Project("{9A19103F-16F7-4668-BE54-9A1E7A4F7556}") = "TenderSystem.Core", "TenderSystem.Core\TenderSystem.Core.csproj", "{458992B3-E2D8-48F5-AE6F-E8D8F34B96CA}"
EndProject
Global
	GlobalSection(SolutionConfigurationPlatforms) = preSolution
		Debug|Any CPU = Debug|Any CPU
		Release|Any CPU = Release|Any CPU
	EndGlobalSection
	GlobalSection(ProjectConfigurationPlatforms) = postSolution
		{C13D2F05-ED4F-4FE9-8125-3CA3FE9E35EC}.Debug|Any CPU.ActiveCfg = Debug|Any CPU
		{C13D2F05-ED4F-4FE9-8125-3CA3FE9E35EC}.Debug|Any CPU.Build.0 = Debug|Any CPU
		{C13D2F05-ED4F-4FE9-8125-3CA3FE9E35EC}.Release|Any CPU.ActiveCfg = Release|Any CPU
		{C13D2F05-ED4F-4FE9-8125-3CA3FE9E35EC}.Release|Any CPU.Build.0 = Release|Any CPU
		{F931D7B6-025A-4DE8-B4EF-7CD5011DFC99}.Debug|Any CPU.ActiveCfg = Debug|Any CPU
		{F931D7B6-025A-4DE8-B4EF-7CD5011DFC99}.Debug|Any CPU.Build.0 = Debug|Any CPU
		{F931D7B6-025A-4DE8-B4EF-7CD5011DFC99}.Release|Any CPU.ActiveCfg = Release|Any CPU
		{F931D7B6-025A-4DE8-B4EF-7CD5011DFC99}.Release|Any CPU.Build.0 = Release|Any CPU
		{F81CAE20-753F-41ED-A64C-1852F867B006}.Debug|Any CPU.ActiveCfg = Debug|Any CPU
		{F81CAE20-753F-41ED-A64C-1852F867B006}.Debug|Any CPU.Build.0 = Debug|Any CPU
		{F81CAE20-753F-41ED-A64C-1852F867B006}.Release|Any CPU.ActiveCfg = Release|Any CPU
		{F81CAE20-753F-41ED-A64C-1852F867B006}.Release|Any CPU.Build.0 = Release|Any CPU
		{C3FFAB07-21AD-4C80-B3BD-660F24163170}.Debug|Any CPU.ActiveCfg = Debug|Any CPU
		{C3FFAB07-21AD-4C80-B3BD-660F24163170}.Debug|Any CPU.Build.0 = Debug|Any CPU
		{C3FFAB07-21AD-4C80-B3BD-660F24163170}.Release|Any CPU.ActiveCfg = Release|Any CPU
		{C3FFAB07-21AD-4C80-B3BD-660F24163170}.Release|Any CPU.Build.0 = Release|Any CPU
		{458992B3-E2D8-48F5-AE6F-E8D8F34B96CA}.Debug|Any CPU.ActiveCfg = Debug|Any CPU
		{458992B3-E2D8-48F5-AE6F-E8D8F34B96CA}.Debug|Any CPU.Build.0 = Debug|Any CPU
		{458992B3-E2D8-48F5-AE6F-E8D8F34B96CA}.Release|Any CPU.ActiveCfg = Release|Any CPU
		{458992B3-E2D8-48F5-AE6F-E8D8F34B96CA}.Release|Any CPU.Build.0 = Release|Any CPU
	EndGlobalSection
	GlobalSection(SolutionProperties) = preSolution
		HideSolutionNode = FALSE
	EndGlobalSection
	GlobalSection(ExtensibilityGlobals) = postSolution
		SolutionGuid = {7B73DF1A-C236-4617-B532-A5ECE4E8F0F9}
	EndGlobalSection
EndGlobal
